// !$*UTF8*$!
{
	archiveVersion = 1;
	classes = {
	};
	objectVersion = 60;
	objects = {

/* Begin PBXBuildFile section */
		A00825C92B9617DD002EBCDF /* ComposableDependenciesApp.swift in Sources */ = {isa = PBXBuildFile; fileRef = A00825C82B9617DD002EBCDF /* ComposableDependenciesApp.swift */; };
		A00825CB2B9617DD002EBCDF /* ContentView.swift in Sources */ = {isa = PBXBuildFile; fileRef = A00825CA2B9617DD002EBCDF /* ContentView.swift */; };
		A00825CD2B9617DF002EBCDF /* Assets.xcassets in Resources */ = {isa = PBXBuildFile; fileRef = A00825CC2B9617DF002EBCDF /* Assets.xcassets */; };
		A00825D12B9617DF002EBCDF /* Preview Assets.xcassets in Resources */ = {isa = PBXBuildFile; fileRef = A00825D02B9617DF002EBCDF /* Preview Assets.xcassets */; };
		A00825D92B9618D3002EBCDF /* ComposableArchitecture in Frameworks */ = {isa = PBXBuildFile; productRef = A00825D82B9618D3002EBCDF /* ComposableArchitecture */; };
		A0107A682BA1979900D3A35B /* ReducerReader.swift in Sources */ = {isa = PBXBuildFile; fileRef = A0107A672BA1979900D3A35B /* ReducerReader.swift */; };
		A07AFD3C2B986768004954C9 /* Features.swift in Sources */ = {isa = PBXBuildFile; fileRef = A07AFD3B2B986768004954C9 /* Features.swift */; };
		A0A7D8792B9759B8001CE244 /* Dependencies.swift in Sources */ = {isa = PBXBuildFile; fileRef = A0A7D8782B9759B8001CE244 /* Dependencies.swift */; };
		A0A7D8822B97606B001CE244 /* SharedDependencies in Frameworks */ = {isa = PBXBuildFile; productRef = A0A7D8812B97606B001CE244 /* SharedDependencies */; };
/* End PBXBuildFile section */

/* Begin PBXFileReference section */
		A00825C52B9617DD002EBCDF /* ComposableDependencies.app */ = {isa = PBXFileReference; explicitFileType = wrapper.application; includeInIndex = 0; path = ComposableDependencies.app; sourceTree = BUILT_PRODUCTS_DIR; };
		A00825C82B9617DD002EBCDF /* ComposableDependenciesApp.swift */ = {isa = PBXFileReference; lastKnownFileType = sourcecode.swift; path = ComposableDependenciesApp.swift; sourceTree = "<group>"; };
		A00825CA2B9617DD002EBCDF /* ContentView.swift */ = {isa = PBXFileReference; lastKnownFileType = sourcecode.swift; path = ContentView.swift; sourceTree = "<group>"; };
		A00825CC2B9617DF002EBCDF /* Assets.xcassets */ = {isa = PBXFileReference; lastKnownFileType = folder.assetcatalog; path = Assets.xcassets; sourceTree = "<group>"; };
		A00825CE2B9617DF002EBCDF /* ComposableDependencies.entitlements */ = {isa = PBXFileReference; lastKnownFileType = text.plist.entitlements; path = ComposableDependencies.entitlements; sourceTree = "<group>"; };
		A00825D02B9617DF002EBCDF /* Preview Assets.xcassets */ = {isa = PBXFileReference; lastKnownFileType = folder.assetcatalog; path = "Preview Assets.xcassets"; sourceTree = "<group>"; };
		A0107A672BA1979900D3A35B /* ReducerReader.swift */ = {isa = PBXFileReference; lastKnownFileType = sourcecode.swift; path = ReducerReader.swift; sourceTree = "<group>"; };
		A07AFD3B2B986768004954C9 /* Features.swift */ = {isa = PBXFileReference; lastKnownFileType = sourcecode.swift; path = Features.swift; sourceTree = "<group>"; };
		A0A7D8782B9759B8001CE244 /* Dependencies.swift */ = {isa = PBXFileReference; lastKnownFileType = sourcecode.swift; path = Dependencies.swift; sourceTree = "<group>"; };
/* End PBXFileReference section */

/* Begin PBXFrameworksBuildPhase section */
		A00825C22B9617DD002EBCDF /* Frameworks */ = {
			isa = PBXFrameworksBuildPhase;
			buildActionMask = 2147483647;
			files = (
				A0A7D8822B97606B001CE244 /* SharedDependencies in Frameworks */,
				A00825D92B9618D3002EBCDF /* ComposableArchitecture in Frameworks */,
			);
			runOnlyForDeploymentPostprocessing = 0;
		};
/* End PBXFrameworksBuildPhase section */

/* Begin PBXGroup section */
		A00825BC2B9617DD002EBCDF = {
			isa = PBXGroup;
			children = (
				A00825C72B9617DD002EBCDF /* ComposableDependencies */,
				A00825C62B9617DD002EBCDF /* Products */,
			);
			sourceTree = "<group>";
		};
		A00825C62B9617DD002EBCDF /* Products */ = {
			isa = PBXGroup;
			children = (
				A00825C52B9617DD002EBCDF /* ComposableDependencies.app */,
			);
			name = Products;
			sourceTree = "<group>";
		};
		A00825C72B9617DD002EBCDF /* ComposableDependencies */ = {
			isa = PBXGroup;
			children = (
				A0107A662BA1978B00D3A35B /* ReducerReader */,
				A00825C82B9617DD002EBCDF /* ComposableDependenciesApp.swift */,
				A00825CA2B9617DD002EBCDF /* ContentView.swift */,
				A00825CC2B9617DF002EBCDF /* Assets.xcassets */,
				A00825CE2B9617DF002EBCDF /* ComposableDependencies.entitlements */,
				A00825CF2B9617DF002EBCDF /* Preview Content */,
				A0A7D8782B9759B8001CE244 /* Dependencies.swift */,
				A07AFD3B2B986768004954C9 /* Features.swift */,
			);
			path = ComposableDependencies;
			sourceTree = "<group>";
		};
		A00825CF2B9617DF002EBCDF /* Preview Content */ = {
			isa = PBXGroup;
			children = (
				A00825D02B9617DF002EBCDF /* Preview Assets.xcassets */,
			);
			path = "Preview Content";
			sourceTree = "<group>";
		};
		A0107A662BA1978B00D3A35B /* ReducerReader */ = {
			isa = PBXGroup;
			children = (
				A0107A672BA1979900D3A35B /* ReducerReader.swift */,
			);
			path = ReducerReader;
			sourceTree = "<group>";
		};
/* End PBXGroup section */

/* Begin PBXNativeTarget section */
		A00825C42B9617DD002EBCDF /* ComposableDependencies */ = {
			isa = PBXNativeTarget;
			buildConfigurationList = A00825D42B9617DF002EBCDF /* Build configuration list for PBXNativeTarget "ComposableDependencies" */;
			buildPhases = (
				A00825C12B9617DD002EBCDF /* Sources */,
				A00825C22B9617DD002EBCDF /* Frameworks */,
				A00825C32B9617DD002EBCDF /* Resources */,
			);
			buildRules = (
			);
			dependencies = (
			);
			name = ComposableDependencies;
			packageProductDependencies = (
				A00825D82B9618D3002EBCDF /* ComposableArchitecture */,
				A0A7D8812B97606B001CE244 /* SharedDependencies */,
			);
			productName = ComposableDependencies;
			productReference = A00825C52B9617DD002EBCDF /* ComposableDependencies.app */;
			productType = "com.apple.product-type.application";
		};
/* End PBXNativeTarget section */

/* Begin PBXProject section */
		A00825BD2B9617DD002EBCDF /* Project object */ = {
			isa = PBXProject;
			attributes = {
				BuildIndependentTargetsInParallel = 1;
				LastSwiftUpdateCheck = 1520;
				LastUpgradeCheck = 1520;
				TargetAttributes = {
					A00825C42B9617DD002EBCDF = {
						CreatedOnToolsVersion = 15.2;
					};
				};
			};
			buildConfigurationList = A00825C02B9617DD002EBCDF /* Build configuration list for PBXProject "ComposableDependencies" */;
			compatibilityVersion = "Xcode 14.0";
			developmentRegion = en;
			hasScannedForEncodings = 0;
			knownRegions = (
				en,
				Base,
			);
			mainGroup = A00825BC2B9617DD002EBCDF;
			packageReferences = (
				A00825D72B9618D3002EBCDF /* XCRemoteSwiftPackageReference "swift-composable-architecture" */,
				A0A7D8802B97606B001CE244 /* XCLocalSwiftPackageReference "../SharedDependencies" */,
			);
			productRefGroup = A00825C62B9617DD002EBCDF /* Products */;
			projectDirPath = "";
			projectRoot = "";
			targets = (
				A00825C42B9617DD002EBCDF /* ComposableDependencies */,
			);
		};
/* End PBXProject section */

/* Begin PBXResourcesBuildPhase section */
		A00825C32B9617DD002EBCDF /* Resources */ = {
			isa = PBXResourcesBuildPhase;
			buildActionMask = 2147483647;
			files = (
				A00825D12B9617DF002EBCDF /* Preview Assets.xcassets in Resources */,
				A00825CD2B9617DF002EBCDF /* Assets.xcassets in Resources */,
			);
			runOnlyForDeploymentPostprocessing = 0;
		};
/* End PBXResourcesBuildPhase section */

/* Begin PBXSourcesBuildPhase section */
		A00825C12B9617DD002EBCDF /* Sources */ = {
			isa = PBXSourcesBuildPhase;
			buildActionMask = 2147483647;
			files = (
				A07AFD3C2B986768004954C9 /* Features.swift in Sources */,
				A0A7D8792B9759B8001CE244 /* Dependencies.swift in Sources */,
				A0107A682BA1979900D3A35B /* ReducerReader.swift in Sources */,
				A00825CB2B9617DD002EBCDF /* ContentView.swift in Sources */,
				A00825C92B9617DD002EBCDF /* ComposableDependenciesApp.swift in Sources */,
			);
			runOnlyForDeploymentPostprocessing = 0;
		};
/* End PBXSourcesBuildPhase section */

/* Begin XCBuildConfiguration section */
		A00825D22B9617DF002EBCDF /* Debug */ = {
			isa = XCBuildConfiguration;
			buildSettings = {
				ALWAYS_SEARCH_USER_PATHS = NO;
				ASSETCATALOG_COMPILER_GENERATE_SWIFT_ASSET_SYMBOL_EXTENSIONS = YES;
				CLANG_ANALYZER_NONNULL = YES;
				CLANG_ANALYZER_NUMBER_OBJECT_CONVERSION = YES_AGGRESSIVE;
				CLANG_CXX_LANGUAGE_STANDARD = "gnu++20";
				CLANG_ENABLE_MODULES = YES;
				CLANG_ENABLE_OBJC_ARC = YES;
				CLANG_ENABLE_OBJC_WEAK = YES;
				CLANG_WARN_BLOCK_CAPTURE_AUTORELEASING = YES;
				CLANG_WARN_BOOL_CONVERSION = YES;
				CLANG_WARN_COMMA = YES;
				CLANG_WARN_CONSTANT_CONVERSION = YES;
				CLANG_WARN_DEPRECATED_OBJC_IMPLEMENTATIONS = YES;
				CLANG_WARN_DIRECT_OBJC_ISA_USAGE = YES_ERROR;
				CLANG_WARN_DOCUMENTATION_COMMENTS = YES;
				CLANG_WARN_EMPTY_BODY = YES;
				CLANG_WARN_ENUM_CONVERSION = YES;
				CLANG_WARN_INFINITE_RECURSION = YES;
				CLANG_WARN_INT_CONVERSION = YES;
				CLANG_WARN_NON_LITERAL_NULL_CONVERSION = YES;
				CLANG_WARN_OBJC_IMPLICIT_RETAIN_SELF = YES;
				CLANG_WARN_OBJC_LITERAL_CONVERSION = YES;
				CLANG_WARN_OBJC_ROOT_CLASS = YES_ERROR;
				CLANG_WARN_QUOTED_INCLUDE_IN_FRAMEWORK_HEADER = YES;
				CLANG_WARN_RANGE_LOOP_ANALYSIS = YES;
				CLANG_WARN_STRICT_PROTOTYPES = YES;
				CLANG_WARN_SUSPICIOUS_MOVE = YES;
				CLANG_WARN_UNGUARDED_AVAILABILITY = YES_AGGRESSIVE;
				CLANG_WARN_UNREACHABLE_CODE = YES;
				CLANG_WARN__DUPLICATE_METHOD_MATCH = YES;
				COPY_PHASE_STRIP = NO;
				DEBUG_INFORMATION_FORMAT = dwarf;
				ENABLE_STRICT_OBJC_MSGSEND = YES;
				ENABLE_TESTABILITY = YES;
				ENABLE_USER_SCRIPT_SANDBOXING = YES;
				GCC_C_LANGUAGE_STANDARD = gnu17;
				GCC_DYNAMIC_NO_PIC = NO;
				GCC_NO_COMMON_BLOCKS = YES;
				GCC_OPTIMIZATION_LEVEL = 0;
				GCC_PREPROCESSOR_DEFINITIONS = (
					"DEBUG=1",
					"$(inherited)",
				);
				GCC_WARN_64_TO_32_BIT_CONVERSION = YES;
				GCC_WARN_ABOUT_RETURN_TYPE = YES_ERROR;
				GCC_WARN_UNDECLARED_SELECTOR = YES;
				GCC_WARN_UNINITIALIZED_AUTOS = YES_AGGRESSIVE;
				GCC_WARN_UNUSED_FUNCTION = YES;
				GCC_WARN_UNUSED_VARIABLE = YES;
				LOCALIZATION_PREFERS_STRING_CATALOGS = YES;
				MTL_ENABLE_DEBUG_INFO = INCLUDE_SOURCE;
				MTL_FAST_MATH = YES;
				ONLY_ACTIVE_ARCH = YES;
				SWIFT_ACTIVE_COMPILATION_CONDITIONS = "DEBUG $(inherited)";
				SWIFT_OPTIMIZATION_LEVEL = "-Onone";
				SWIFT_STRICT_CONCURRENCY = complete;
			};
			name = Debug;
		};
		A00825D32B9617DF002EBCDF /* Release */ = {
			isa = XCBuildConfiguration;
			buildSettings = {
				ALWAYS_SEARCH_USER_PATHS = NO;
				ASSETCATALOG_COMPILER_GENERATE_SWIFT_ASSET_SYMBOL_EXTENSIONS = YES;
				CLANG_ANALYZER_NONNULL = YES;
				CLANG_ANALYZER_NUMBER_OBJECT_CONVERSION = YES_AGGRESSIVE;
				CLANG_CXX_LANGUAGE_STANDARD = "gnu++20";
				CLANG_ENABLE_MODULES = YES;
				CLANG_ENABLE_OBJC_ARC = YES;
				CLANG_ENABLE_OBJC_WEAK = YES;
				CLANG_WARN_BLOCK_CAPTURE_AUTORELEASING = YES;
				CLANG_WARN_BOOL_CONVERSION = YES;
				CLANG_WARN_COMMA = YES;
				CLANG_WARN_CONSTANT_CONVERSION = YES;
				CLANG_WARN_DEPRECATED_OBJC_IMPLEMENTATIONS = YES;
				CLANG_WARN_DIRECT_OBJC_ISA_USAGE = YES_ERROR;
				CLANG_WARN_DOCUMENTATION_COMMENTS = YES;
				CLANG_WARN_EMPTY_BODY = YES;
				CLANG_WARN_ENUM_CONVERSION = YES;
				CLANG_WARN_INFINITE_RECURSION = YES;
				CLANG_WARN_INT_CONVERSION = YES;
				CLANG_WARN_NON_LITERAL_NULL_CONVERSION = YES;
				CLANG_WARN_OBJC_IMPLICIT_RETAIN_SELF = YES;
				CLANG_WARN_OBJC_LITERAL_CONVERSION = YES;
				CLANG_WARN_OBJC_ROOT_CLASS = YES_ERROR;
				CLANG_WARN_QUOTED_INCLUDE_IN_FRAMEWORK_HEADER = YES;
				CLANG_WARN_RANGE_LOOP_ANALYSIS = YES;
				CLANG_WARN_STRICT_PROTOTYPES = YES;
				CLANG_WARN_SUSPICIOUS_MOVE = YES;
				CLANG_WARN_UNGUARDED_AVAILABILITY = YES_AGGRESSIVE;
				CLANG_WARN_UNREACHABLE_CODE = YES;
				CLANG_WARN__DUPLICATE_METHOD_MATCH = YES;
				COPY_PHASE_STRIP = NO;
				DEBUG_INFORMATION_FORMAT = "dwarf-with-dsym";
				ENABLE_NS_ASSERTIONS = NO;
				ENABLE_STRICT_OBJC_MSGSEND = YES;
				ENABLE_USER_SCRIPT_SANDBOXING = YES;
				GCC_C_LANGUAGE_STANDARD = gnu17;
				GCC_NO_COMMON_BLOCKS = YES;
				GCC_WARN_64_TO_32_BIT_CONVERSION = YES;
				GCC_WARN_ABOUT_RETURN_TYPE = YES_ERROR;
				GCC_WARN_UNDECLARED_SELECTOR = YES;
				GCC_WARN_UNINITIALIZED_AUTOS = YES_AGGRESSIVE;
				GCC_WARN_UNUSED_FUNCTION = YES;
				GCC_WARN_UNUSED_VARIABLE = YES;
				LOCALIZATION_PREFERS_STRING_CATALOGS = YES;
				MTL_ENABLE_DEBUG_INFO = NO;
				MTL_FAST_MATH = YES;
				SWIFT_COMPILATION_MODE = wholemodule;
				SWIFT_STRICT_CONCURRENCY = complete;
			};
			name = Release;
		};
		A00825D52B9617DF002EBCDF /* Debug */ = {
			isa = XCBuildConfiguration;
			buildSettings = {
				ASSETCATALOG_COMPILER_APPICON_NAME = AppIcon;
				ASSETCATALOG_COMPILER_GLOBAL_ACCENT_COLOR_NAME = AccentColor;
				CODE_SIGN_ENTITLEMENTS = ComposableDependencies/ComposableDependencies.entitlements;
				CODE_SIGN_STYLE = Automatic;
				CURRENT_PROJECT_VERSION = 1;
				DEVELOPMENT_ASSET_PATHS = "\"ComposableDependencies/Preview Content\"";
				DEVELOPMENT_TEAM = VFRXY8HC3H;
				ENABLE_HARDENED_RUNTIME = YES;
				ENABLE_PREVIEWS = YES;
				GENERATE_INFOPLIST_FILE = YES;
				"INFOPLIST_KEY_UIApplicationSceneManifest_Generation[sdk=iphoneos*]" = YES;
				"INFOPLIST_KEY_UIApplicationSceneManifest_Generation[sdk=iphonesimulator*]" = YES;
				"INFOPLIST_KEY_UIApplicationSupportsIndirectInputEvents[sdk=iphoneos*]" = YES;
				"INFOPLIST_KEY_UIApplicationSupportsIndirectInputEvents[sdk=iphonesimulator*]" = YES;
				"INFOPLIST_KEY_UILaunchScreen_Generation[sdk=iphoneos*]" = YES;
				"INFOPLIST_KEY_UILaunchScreen_Generation[sdk=iphonesimulator*]" = YES;
				"INFOPLIST_KEY_UIStatusBarStyle[sdk=iphoneos*]" = UIStatusBarStyleDefault;
				"INFOPLIST_KEY_UIStatusBarStyle[sdk=iphonesimulator*]" = UIStatusBarStyleDefault;
				INFOPLIST_KEY_UISupportedInterfaceOrientations_iPad = "UIInterfaceOrientationPortrait UIInterfaceOrientationPortraitUpsideDown UIInterfaceOrientationLandscapeLeft UIInterfaceOrientationLandscapeRight";
				INFOPLIST_KEY_UISupportedInterfaceOrientations_iPhone = "UIInterfaceOrientationPortrait UIInterfaceOrientationLandscapeLeft UIInterfaceOrientationLandscapeRight";
				IPHONEOS_DEPLOYMENT_TARGET = 17.2;
				LD_RUNPATH_SEARCH_PATHS = "@executable_path/Frameworks";
				"LD_RUNPATH_SEARCH_PATHS[sdk=macosx*]" = "@executable_path/../Frameworks";
				MACOSX_DEPLOYMENT_TARGET = 14.2;
				MARKETING_VERSION = 1.0;
				PRODUCT_BUNDLE_IDENTIFIER = dev.lucasvandongen.ComposableDependencies;
				PRODUCT_NAME = "$(TARGET_NAME)";
				SDKROOT = auto;
				SUPPORTED_PLATFORMS = "iphoneos iphonesimulator macosx";
				SWIFT_EMIT_LOC_STRINGS = YES;
				SWIFT_VERSION = 5.0;
				TARGETED_DEVICE_FAMILY = "1,2";
			};
			name = Debug;
		};
		A00825D62B9617DF002EBCDF /* Release */ = {
			isa = XCBuildConfiguration;
			buildSettings = {
				ASSETCATALOG_COMPILER_APPICON_NAME = AppIcon;
				ASSETCATALOG_COMPILER_GLOBAL_ACCENT_COLOR_NAME = AccentColor;
				CODE_SIGN_ENTITLEMENTS = ComposableDependencies/ComposableDependencies.entitlements;
				CODE_SIGN_STYLE = Automatic;
				CURRENT_PROJECT_VERSION = 1;
				DEVELOPMENT_ASSET_PATHS = "\"ComposableDependencies/Preview Content\"";
				DEVELOPMENT_TEAM = VFRXY8HC3H;
				ENABLE_HARDENED_RUNTIME = YES;
				ENABLE_PREVIEWS = YES;
				GENERATE_INFOPLIST_FILE = YES;
				"INFOPLIST_KEY_UIApplicationSceneManifest_Generation[sdk=iphoneos*]" = YES;
				"INFOPLIST_KEY_UIApplicationSceneManifest_Generation[sdk=iphonesimulator*]" = YES;
				"INFOPLIST_KEY_UIApplicationSupportsIndirectInputEvents[sdk=iphoneos*]" = YES;
				"INFOPLIST_KEY_UIApplicationSupportsIndirectInputEvents[sdk=iphonesimulator*]" = YES;
				"INFOPLIST_KEY_UILaunchScreen_Generation[sdk=iphoneos*]" = YES;
				"INFOPLIST_KEY_UILaunchScreen_Generation[sdk=iphonesimulator*]" = YES;
				"INFOPLIST_KEY_UIStatusBarStyle[sdk=iphoneos*]" = UIStatusBarStyleDefault;
				"INFOPLIST_KEY_UIStatusBarStyle[sdk=iphonesimulator*]" = UIStatusBarStyleDefault;
				INFOPLIST_KEY_UISupportedInterfaceOrientations_iPad = "UIInterfaceOrientationPortrait UIInterfaceOrientationPortraitUpsideDown UIInterfaceOrientationLandscapeLeft UIInterfaceOrientationLandscapeRight";
				INFOPLIST_KEY_UISupportedInterfaceOrientations_iPhone = "UIInterfaceOrientationPortrait UIInterfaceOrientationLandscapeLeft UIInterfaceOrientationLandscapeRight";
				IPHONEOS_DEPLOYMENT_TARGET = 17.2;
				LD_RUNPATH_SEARCH_PATHS = "@executable_path/Frameworks";
				"LD_RUNPATH_SEARCH_PATHS[sdk=macosx*]" = "@executable_path/../Frameworks";
				MACOSX_DEPLOYMENT_TARGET = 14.2;
				MARKETING_VERSION = 1.0;
				PRODUCT_BUNDLE_IDENTIFIER = dev.lucasvandongen.ComposableDependencies;
				PRODUCT_NAME = "$(TARGET_NAME)";
				SDKROOT = auto;
				SUPPORTED_PLATFORMS = "iphoneos iphonesimulator macosx";
				SWIFT_EMIT_LOC_STRINGS = YES;
				SWIFT_VERSION = 5.0;
				TARGETED_DEVICE_FAMILY = "1,2";
			};
			name = Release;
		};
/* End XCBuildConfiguration section */

/* Begin XCConfigurationList section */
		A00825C02B9617DD002EBCDF /* Build configuration list for PBXProject "ComposableDependencies" */ = {
			isa = XCConfigurationList;
			buildConfigurations = (
				A00825D22B9617DF002EBCDF /* Debug */,
				A00825D32B9617DF002EBCDF /* Release */,
			);
			defaultConfigurationIsVisible = 0;
			defaultConfigurationName = Release;
		};
		A00825D42B9617DF002EBCDF /* Build configuration list for PBXNativeTarget "ComposableDependencies" */ = {
			isa = XCConfigurationList;
			buildConfigurations = (
				A00825D52B9617DF002EBCDF /* Debug */,
				A00825D62B9617DF002EBCDF /* Release */,
			);
			defaultConfigurationIsVisible = 0;
			defaultConfigurationName = Release;
		};
/* End XCConfigurationList section */

/* Begin XCLocalSwiftPackageReference section */
		A0A7D8802B97606B001CE244 /* XCLocalSwiftPackageReference "../SharedDependencies" */ = {
			isa = XCLocalSwiftPackageReference;
			relativePath = ../SharedDependencies;
		};
/* End XCLocalSwiftPackageReference section */

/* Begin XCRemoteSwiftPackageReference section */
		A00825D72B9618D3002EBCDF /* XCRemoteSwiftPackageReference "swift-composable-architecture" */ = {
			isa = XCRemoteSwiftPackageReference;
			repositoryURL = "https://github.com/pointfreeco/swift-composable-architecture";
			requirement = {
				kind = upToNextMajorVersion;
				minimumVersion = 1.9.1;
			};
		};
/* End XCRemoteSwiftPackageReference section */

/* Begin XCSwiftPackageProductDependency section */
		A00825D82B9618D3002EBCDF /* ComposableArchitecture */ = {
			isa = XCSwiftPackageProductDependency;
			package = A00825D72B9618D3002EBCDF /* XCRemoteSwiftPackageReference "swift-composable-architecture" */;
			productName = ComposableArchitecture;
		};
		A0A7D8812B97606B001CE244 /* SharedDependencies */ = {
			isa = XCSwiftPackageProductDependency;
			productName = SharedDependencies;
		};
/* End XCSwiftPackageProductDependency section */
	};
	rootObject = A00825BD2B9617DD002EBCDF /* Project object */;
}
