// !$*UTF8*$!
{
	archiveVersion = 1;
	classes = {
	};
	objectVersion = 60;
	objects = {

/* Begin PBXBuildFile section */
		A07AFD4A2B989AEA004954C9 /* PassedDependenciesApp.swift in Sources */ = {isa = PBXBuildFile; fileRef = A07AFD492B989AEA004954C9 /* PassedDependenciesApp.swift */; };
		A07AFD4C2B989AEA004954C9 /* ContentView.swift in Sources */ = {isa = PBXBuildFile; fileRef = A07AFD4B2B989AEA004954C9 /* ContentView.swift */; };
		A07AFD4E2B989AED004954C9 /* Assets.xcassets in Resources */ = {isa = PBXBuildFile; fileRef = A07AFD4D2B989AED004954C9 /* Assets.xcassets */; };
		A07AFD522B989AED004954C9 /* Preview Assets.xcassets in Resources */ = {isa = PBXBuildFile; fileRef = A07AFD512B989AED004954C9 /* Preview Assets.xcassets */; };
		A07AFD592B989AFF004954C9 /* Container.swift in Sources */ = {isa = PBXBuildFile; fileRef = A07AFD582B989AFF004954C9 /* Container.swift */; };
		A07AFD5C2B989B4F004954C9 /* SharedDependencies in Frameworks */ = {isa = PBXBuildFile; productRef = A07AFD5B2B989B4F004954C9 /* SharedDependencies */; };
		A07AFD5E2B989FD0004954C9 /* Model.swift in Sources */ = {isa = PBXBuildFile; fileRef = A07AFD5D2B989FD0004954C9 /* Model.swift */; };
		A0C7F3DE2BAEE28200204047 /* AuthenticatedFactory.swift in Sources */ = {isa = PBXBuildFile; fileRef = A0C7F3DD2BAEE28200204047 /* AuthenticatedFactory.swift */; };
/* End PBXBuildFile section */

/* Begin PBXFileReference section */
		A07AFD462B989AEA004954C9 /* PassedDependencies.app */ = {isa = PBXFileReference; explicitFileType = wrapper.application; includeInIndex = 0; path = PassedDependencies.app; sourceTree = BUILT_PRODUCTS_DIR; };
		A07AFD492B989AEA004954C9 /* PassedDependenciesApp.swift */ = {isa = PBXFileReference; lastKnownFileType = sourcecode.swift; path = PassedDependenciesApp.swift; sourceTree = "<group>"; };
		A07AFD4B2B989AEA004954C9 /* ContentView.swift */ = {isa = PBXFileReference; lastKnownFileType = sourcecode.swift; path = ContentView.swift; sourceTree = "<group>"; };
		A07AFD4D2B989AED004954C9 /* Assets.xcassets */ = {isa = PBXFileReference; lastKnownFileType = folder.assetcatalog; path = Assets.xcassets; sourceTree = "<group>"; };
		A07AFD4F2B989AED004954C9 /* PassedDependencies.entitlements */ = {isa = PBXFileReference; lastKnownFileType = text.plist.entitlements; path = PassedDependencies.entitlements; sourceTree = "<group>"; };
		A07AFD512B989AED004954C9 /* Preview Assets.xcassets */ = {isa = PBXFileReference; lastKnownFileType = folder.assetcatalog; path = "Preview Assets.xcassets"; sourceTree = "<group>"; };
		A07AFD582B989AFF004954C9 /* Container.swift */ = {isa = PBXFileReference; lastKnownFileType = sourcecode.swift; path = Container.swift; sourceTree = "<group>"; };
		A07AFD5D2B989FD0004954C9 /* Model.swift */ = {isa = PBXFileReference; lastKnownFileType = sourcecode.swift; path = Model.swift; sourceTree = "<group>"; };
		A0C7F3DD2BAEE28200204047 /* AuthenticatedFactory.swift */ = {isa = PBXFileReference; lastKnownFileType = sourcecode.swift; path = AuthenticatedFactory.swift; sourceTree = "<group>"; };
/* End PBXFileReference section */

/* Begin PBXFrameworksBuildPhase section */
		A07AFD432B989AEA004954C9 /* Frameworks */ = {
			isa = PBXFrameworksBuildPhase;
			buildActionMask = 2147483647;
			files = (
				A07AFD5C2B989B4F004954C9 /* SharedDependencies in Frameworks */,
			);
			runOnlyForDeploymentPostprocessing = 0;
		};
/* End PBXFrameworksBuildPhase section */

/* Begin PBXGroup section */
		A07AFD3D2B989AEA004954C9 = {
			isa = PBXGroup;
			children = (
				A07AFD482B989AEA004954C9 /* PassedDependencies */,
				A07AFD472B989AEA004954C9 /* Products */,
			);
			sourceTree = "<group>";
		};
		A07AFD472B989AEA004954C9 /* Products */ = {
			isa = PBXGroup;
			children = (
				A07AFD462B989AEA004954C9 /* PassedDependencies.app */,
			);
			name = Products;
			sourceTree = "<group>";
		};
		A07AFD482B989AEA004954C9 /* PassedDependencies */ = {
			isa = PBXGroup;
			children = (
				A0C7F3DC2BAEE27100204047 /* Factories */,
				A07AFD492B989AEA004954C9 /* PassedDependenciesApp.swift */,
				A07AFD4B2B989AEA004954C9 /* ContentView.swift */,
				A07AFD4D2B989AED004954C9 /* Assets.xcassets */,
				A07AFD4F2B989AED004954C9 /* PassedDependencies.entitlements */,
				A07AFD502B989AED004954C9 /* Preview Content */,
				A07AFD582B989AFF004954C9 /* Container.swift */,
				A07AFD5D2B989FD0004954C9 /* Model.swift */,
			);
			path = PassedDependencies;
			sourceTree = "<group>";
		};
		A07AFD502B989AED004954C9 /* Preview Content */ = {
			isa = PBXGroup;
			children = (
				A07AFD512B989AED004954C9 /* Preview Assets.xcassets */,
			);
			path = "Preview Content";
			sourceTree = "<group>";
		};
		A0C7F3DC2BAEE27100204047 /* Factories */ = {
			isa = PBXGroup;
			children = (
				A0C7F3DD2BAEE28200204047 /* AuthenticatedFactory.swift */,
			);
			path = Factories;
			sourceTree = "<group>";
		};
/* End PBXGroup section */

/* Begin PBXNativeTarget section */
		A07AFD452B989AEA004954C9 /* PassedDependencies */ = {
			isa = PBXNativeTarget;
			buildConfigurationList = A07AFD552B989AED004954C9 /* Build configuration list for PBXNativeTarget "PassedDependencies" */;
			buildPhases = (
				A07AFD422B989AEA004954C9 /* Sources */,
				A07AFD432B989AEA004954C9 /* Frameworks */,
				A07AFD442B989AEA004954C9 /* Resources */,
			);
			buildRules = (
			);
			dependencies = (
			);
			name = PassedDependencies;
			packageProductDependencies = (
				A07AFD5B2B989B4F004954C9 /* SharedDependencies */,
			);
			productName = PassedDependencies;
			productReference = A07AFD462B989AEA004954C9 /* PassedDependencies.app */;
			productType = "com.apple.product-type.application";
		};
/* End PBXNativeTarget section */

/* Begin PBXProject section */
		A07AFD3E2B989AEA004954C9 /* Project object */ = {
			isa = PBXProject;
			attributes = {
				BuildIndependentTargetsInParallel = 1;
				LastSwiftUpdateCheck = 1520;
				LastUpgradeCheck = 1520;
				TargetAttributes = {
					A07AFD452B989AEA004954C9 = {
						CreatedOnToolsVersion = 15.2;
					};
				};
			};
			buildConfigurationList = A07AFD412B989AEA004954C9 /* Build configuration list for PBXProject "PassedDependencies" */;
			compatibilityVersion = "Xcode 14.0";
			developmentRegion = en;
			hasScannedForEncodings = 0;
			knownRegions = (
				en,
				Base,
			);
			mainGroup = A07AFD3D2B989AEA004954C9;
			packageReferences = (
				A07AFD5A2B989B4F004954C9 /* XCLocalSwiftPackageReference "../SharedDependencies" */,
			);
			productRefGroup = A07AFD472B989AEA004954C9 /* Products */;
			projectDirPath = "";
			projectRoot = "";
			targets = (
				A07AFD452B989AEA004954C9 /* PassedDependencies */,
			);
		};
/* End PBXProject section */

/* Begin PBXResourcesBuildPhase section */
		A07AFD442B989AEA004954C9 /* Resources */ = {
			isa = PBXResourcesBuildPhase;
			buildActionMask = 2147483647;
			files = (
				A07AFD522B989AED004954C9 /* Preview Assets.xcassets in Resources */,
				A07AFD4E2B989AED004954C9 /* Assets.xcassets in Resources */,
			);
			runOnlyForDeploymentPostprocessing = 0;
		};
/* End PBXResourcesBuildPhase section */

/* Begin PBXSourcesBuildPhase section */
		A07AFD422B989AEA004954C9 /* Sources */ = {
			isa = PBXSourcesBuildPhase;
			buildActionMask = 2147483647;
			files = (
				A07AFD4C2B989AEA004954C9 /* ContentView.swift in Sources */,
				A0C7F3DE2BAEE28200204047 /* AuthenticatedFactory.swift in Sources */,
				A07AFD592B989AFF004954C9 /* Container.swift in Sources */,
				A07AFD4A2B989AEA004954C9 /* PassedDependenciesApp.swift in Sources */,
				A07AFD5E2B989FD0004954C9 /* Model.swift in Sources */,
			);
			runOnlyForDeploymentPostprocessing = 0;
		};
/* End PBXSourcesBuildPhase section */

/* Begin XCBuildConfiguration section */
		A07AFD532B989AED004954C9 /* Debug */ = {
			isa = XCBuildConfiguration;
			buildSettings = {
				ALWAYS_SEARCH_USER_PATHS = NO;
				ASSETCATALOG_COMPILER_GENERATE_SWIFT_ASSET_SYMBOL_EXTENSIONS = YES;
				CLANG_ANALYZER_NONNULL = YES;
				CLANG_ANALYZER_NUMBER_OBJECT_CONVERSION = YES_AGGRESSIVE;
				CLANG_CXX_LANGUAGE_STANDARD = "gnu++20";
				CLANG_ENABLE_MODULES = YES;
				CLANG_ENABLE_OBJC_ARC = YES;
				CLANG_ENABLE_OBJC_WEAK = YES;
				CLANG_WARN_BLOCK_CAPTURE_AUTORELEASING = YES;
				CLANG_WARN_BOOL_CONVERSION = YES;
				CLANG_WARN_COMMA = YES;
				CLANG_WARN_CONSTANT_CONVERSION = YES;
				CLANG_WARN_DEPRECATED_OBJC_IMPLEMENTATIONS = YES;
				CLANG_WARN_DIRECT_OBJC_ISA_USAGE = YES_ERROR;
				CLANG_WARN_DOCUMENTATION_COMMENTS = YES;
				CLANG_WARN_EMPTY_BODY = YES;
				CLANG_WARN_ENUM_CONVERSION = YES;
				CLANG_WARN_INFINITE_RECURSION = YES;
				CLANG_WARN_INT_CONVERSION = YES;
				CLANG_WARN_NON_LITERAL_NULL_CONVERSION = YES;
				CLANG_WARN_OBJC_IMPLICIT_RETAIN_SELF = YES;
				CLANG_WARN_OBJC_LITERAL_CONVERSION = YES;
				CLANG_WARN_OBJC_ROOT_CLASS = YES_ERROR;
				CLANG_WARN_QUOTED_INCLUDE_IN_FRAMEWORK_HEADER = YES;
				CLANG_WARN_RANGE_LOOP_ANALYSIS = YES;
				CLANG_WARN_STRICT_PROTOTYPES = YES;
				CLANG_WARN_SUSPICIOUS_MOVE = YES;
				CLANG_WARN_UNGUARDED_AVAILABILITY = YES_AGGRESSIVE;
				CLANG_WARN_UNREACHABLE_CODE = YES;
				CLANG_WARN__DUPLICATE_METHOD_MATCH = YES;
				COPY_PHASE_STRIP = NO;
				DEBUG_INFORMATION_FORMAT = dwarf;
				ENABLE_STRICT_OBJC_MSGSEND = YES;
				ENABLE_TESTABILITY = YES;
				ENABLE_USER_SCRIPT_SANDBOXING = YES;
				GCC_C_LANGUAGE_STANDARD = gnu17;
				GCC_DYNAMIC_NO_PIC = NO;
				GCC_NO_COMMON_BLOCKS = YES;
				GCC_OPTIMIZATION_LEVEL = 0;
				GCC_PREPROCESSOR_DEFINITIONS = (
					"DEBUG=1",
					"$(inherited)",
				);
				GCC_WARN_64_TO_32_BIT_CONVERSION = YES;
				GCC_WARN_ABOUT_RETURN_TYPE = YES_ERROR;
				GCC_WARN_UNDECLARED_SELECTOR = YES;
				GCC_WARN_UNINITIALIZED_AUTOS = YES_AGGRESSIVE;
				GCC_WARN_UNUSED_FUNCTION = YES;
				GCC_WARN_UNUSED_VARIABLE = YES;
				LOCALIZATION_PREFERS_STRING_CATALOGS = YES;
				MTL_ENABLE_DEBUG_INFO = INCLUDE_SOURCE;
				MTL_FAST_MATH = YES;
				ONLY_ACTIVE_ARCH = YES;
				SWIFT_ACTIVE_COMPILATION_CONDITIONS = "DEBUG $(inherited)";
				SWIFT_OPTIMIZATION_LEVEL = "-Onone";
				SWIFT_STRICT_CONCURRENCY = complete;
			};
			name = Debug;
		};
		A07AFD542B989AED004954C9 /* Release */ = {
			isa = XCBuildConfiguration;
			buildSettings = {
				ALWAYS_SEARCH_USER_PATHS = NO;
				ASSETCATALOG_COMPILER_GENERATE_SWIFT_ASSET_SYMBOL_EXTENSIONS = YES;
				CLANG_ANALYZER_NONNULL = YES;
				CLANG_ANALYZER_NUMBER_OBJECT_CONVERSION = YES_AGGRESSIVE;
				CLANG_CXX_LANGUAGE_STANDARD = "gnu++20";
				CLANG_ENABLE_MODULES = YES;
				CLANG_ENABLE_OBJC_ARC = YES;
				CLANG_ENABLE_OBJC_WEAK = YES;
				CLANG_WARN_BLOCK_CAPTURE_AUTORELEASING = YES;
				CLANG_WARN_BOOL_CONVERSION = YES;
				CLANG_WARN_COMMA = YES;
				CLANG_WARN_CONSTANT_CONVERSION = YES;
				CLANG_WARN_DEPRECATED_OBJC_IMPLEMENTATIONS = YES;
				CLANG_WARN_DIRECT_OBJC_ISA_USAGE = YES_ERROR;
				CLANG_WARN_DOCUMENTATION_COMMENTS = YES;
				CLANG_WARN_EMPTY_BODY = YES;
				CLANG_WARN_ENUM_CONVERSION = YES;
				CLANG_WARN_INFINITE_RECURSION = YES;
				CLANG_WARN_INT_CONVERSION = YES;
				CLANG_WARN_NON_LITERAL_NULL_CONVERSION = YES;
				CLANG_WARN_OBJC_IMPLICIT_RETAIN_SELF = YES;
				CLANG_WARN_OBJC_LITERAL_CONVERSION = YES;
				CLANG_WARN_OBJC_ROOT_CLASS = YES_ERROR;
				CLANG_WARN_QUOTED_INCLUDE_IN_FRAMEWORK_HEADER = YES;
				CLANG_WARN_RANGE_LOOP_ANALYSIS = YES;
				CLANG_WARN_STRICT_PROTOTYPES = YES;
				CLANG_WARN_SUSPICIOUS_MOVE = YES;
				CLANG_WARN_UNGUARDED_AVAILABILITY = YES_AGGRESSIVE;
				CLANG_WARN_UNREACHABLE_CODE = YES;
				CLANG_WARN__DUPLICATE_METHOD_MATCH = YES;
				COPY_PHASE_STRIP = NO;
				DEBUG_INFORMATION_FORMAT = "dwarf-with-dsym";
				ENABLE_NS_ASSERTIONS = NO;
				ENABLE_STRICT_OBJC_MSGSEND = YES;
				ENABLE_USER_SCRIPT_SANDBOXING = YES;
				GCC_C_LANGUAGE_STANDARD = gnu17;
				GCC_NO_COMMON_BLOCKS = YES;
				GCC_WARN_64_TO_32_BIT_CONVERSION = YES;
				GCC_WARN_ABOUT_RETURN_TYPE = YES_ERROR;
				GCC_WARN_UNDECLARED_SELECTOR = YES;
				GCC_WARN_UNINITIALIZED_AUTOS = YES_AGGRESSIVE;
				GCC_WARN_UNUSED_FUNCTION = YES;
				GCC_WARN_UNUSED_VARIABLE = YES;
				LOCALIZATION_PREFERS_STRING_CATALOGS = YES;
				MTL_ENABLE_DEBUG_INFO = NO;
				MTL_FAST_MATH = YES;
				SWIFT_COMPILATION_MODE = wholemodule;
				SWIFT_STRICT_CONCURRENCY = complete;
			};
			name = Release;
		};
		A07AFD562B989AED004954C9 /* Debug */ = {
			isa = XCBuildConfiguration;
			buildSettings = {
				ASSETCATALOG_COMPILER_APPICON_NAME = AppIcon;
				ASSETCATALOG_COMPILER_GLOBAL_ACCENT_COLOR_NAME = AccentColor;
				CODE_SIGN_ENTITLEMENTS = PassedDependencies/PassedDependencies.entitlements;
				CODE_SIGN_STYLE = Automatic;
				CURRENT_PROJECT_VERSION = 1;
				DEVELOPMENT_ASSET_PATHS = "\"PassedDependencies/Preview Content\"";
				DEVELOPMENT_TEAM = VFRXY8HC3H;
				ENABLE_HARDENED_RUNTIME = YES;
				ENABLE_PREVIEWS = YES;
				GENERATE_INFOPLIST_FILE = YES;
				"INFOPLIST_KEY_UIApplicationSceneManifest_Generation[sdk=iphoneos*]" = YES;
				"INFOPLIST_KEY_UIApplicationSceneManifest_Generation[sdk=iphonesimulator*]" = YES;
				"INFOPLIST_KEY_UIApplicationSupportsIndirectInputEvents[sdk=iphoneos*]" = YES;
				"INFOPLIST_KEY_UIApplicationSupportsIndirectInputEvents[sdk=iphonesimulator*]" = YES;
				"INFOPLIST_KEY_UILaunchScreen_Generation[sdk=iphoneos*]" = YES;
				"INFOPLIST_KEY_UILaunchScreen_Generation[sdk=iphonesimulator*]" = YES;
				"INFOPLIST_KEY_UIStatusBarStyle[sdk=iphoneos*]" = UIStatusBarStyleDefault;
				"INFOPLIST_KEY_UIStatusBarStyle[sdk=iphonesimulator*]" = UIStatusBarStyleDefault;
				INFOPLIST_KEY_UISupportedInterfaceOrientations_iPad = "UIInterfaceOrientationPortrait UIInterfaceOrientationPortraitUpsideDown UIInterfaceOrientationLandscapeLeft UIInterfaceOrientationLandscapeRight";
				INFOPLIST_KEY_UISupportedInterfaceOrientations_iPhone = "UIInterfaceOrientationPortrait UIInterfaceOrientationLandscapeLeft UIInterfaceOrientationLandscapeRight";
				IPHONEOS_DEPLOYMENT_TARGET = 17.2;
				LD_RUNPATH_SEARCH_PATHS = "@executable_path/Frameworks";
				"LD_RUNPATH_SEARCH_PATHS[sdk=macosx*]" = "@executable_path/../Frameworks";
				MACOSX_DEPLOYMENT_TARGET = 14.2;
				MARKETING_VERSION = 1.0;
				PRODUCT_BUNDLE_IDENTIFIER = dev.lucasvandongen.PassedDependencies;
				PRODUCT_NAME = "$(TARGET_NAME)";
				SDKROOT = auto;
				SUPPORTED_PLATFORMS = "iphoneos iphonesimulator macosx";
				SWIFT_EMIT_LOC_STRINGS = YES;
				SWIFT_VERSION = 5.0;
				TARGETED_DEVICE_FAMILY = "1,2";
			};
			name = Debug;
		};
		A07AFD572B989AED004954C9 /* Release */ = {
			isa = XCBuildConfiguration;
			buildSettings = {
				ASSETCATALOG_COMPILER_APPICON_NAME = AppIcon;
				ASSETCATALOG_COMPILER_GLOBAL_ACCENT_COLOR_NAME = AccentColor;
				CODE_SIGN_ENTITLEMENTS = PassedDependencies/PassedDependencies.entitlements;
				CODE_SIGN_STYLE = Automatic;
				CURRENT_PROJECT_VERSION = 1;
				DEVELOPMENT_ASSET_PATHS = "\"PassedDependencies/Preview Content\"";
				DEVELOPMENT_TEAM = VFRXY8HC3H;
				ENABLE_HARDENED_RUNTIME = YES;
				ENABLE_PREVIEWS = YES;
				GENERATE_INFOPLIST_FILE = YES;
				"INFOPLIST_KEY_UIApplicationSceneManifest_Generation[sdk=iphoneos*]" = YES;
				"INFOPLIST_KEY_UIApplicationSceneManifest_Generation[sdk=iphonesimulator*]" = YES;
				"INFOPLIST_KEY_UIApplicationSupportsIndirectInputEvents[sdk=iphoneos*]" = YES;
				"INFOPLIST_KEY_UIApplicationSupportsIndirectInputEvents[sdk=iphonesimulator*]" = YES;
				"INFOPLIST_KEY_UILaunchScreen_Generation[sdk=iphoneos*]" = YES;
				"INFOPLIST_KEY_UILaunchScreen_Generation[sdk=iphonesimulator*]" = YES;
				"INFOPLIST_KEY_UIStatusBarStyle[sdk=iphoneos*]" = UIStatusBarStyleDefault;
				"INFOPLIST_KEY_UIStatusBarStyle[sdk=iphonesimulator*]" = UIStatusBarStyleDefault;
				INFOPLIST_KEY_UISupportedInterfaceOrientations_iPad = "UIInterfaceOrientationPortrait UIInterfaceOrientationPortraitUpsideDown UIInterfaceOrientationLandscapeLeft UIInterfaceOrientationLandscapeRight";
				INFOPLIST_KEY_UISupportedInterfaceOrientations_iPhone = "UIInterfaceOrientationPortrait UIInterfaceOrientationLandscapeLeft UIInterfaceOrientationLandscapeRight";
				IPHONEOS_DEPLOYMENT_TARGET = 17.2;
				LD_RUNPATH_SEARCH_PATHS = "@executable_path/Frameworks";
				"LD_RUNPATH_SEARCH_PATHS[sdk=macosx*]" = "@executable_path/../Frameworks";
				MACOSX_DEPLOYMENT_TARGET = 14.2;
				MARKETING_VERSION = 1.0;
				PRODUCT_BUNDLE_IDENTIFIER = dev.lucasvandongen.PassedDependencies;
				PRODUCT_NAME = "$(TARGET_NAME)";
				SDKROOT = auto;
				SUPPORTED_PLATFORMS = "iphoneos iphonesimulator macosx";
				SWIFT_EMIT_LOC_STRINGS = YES;
				SWIFT_VERSION = 5.0;
				TARGETED_DEVICE_FAMILY = "1,2";
			};
			name = Release;
		};
/* End XCBuildConfiguration section */

/* Begin XCConfigurationList section */
		A07AFD412B989AEA004954C9 /* Build configuration list for PBXProject "PassedDependencies" */ = {
			isa = XCConfigurationList;
			buildConfigurations = (
				A07AFD532B989AED004954C9 /* Debug */,
				A07AFD542B989AED004954C9 /* Release */,
			);
			defaultConfigurationIsVisible = 0;
			defaultConfigurationName = Release;
		};
		A07AFD552B989AED004954C9 /* Build configuration list for PBXNativeTarget "PassedDependencies" */ = {
			isa = XCConfigurationList;
			buildConfigurations = (
				A07AFD562B989AED004954C9 /* Debug */,
				A07AFD572B989AED004954C9 /* Release */,
			);
			defaultConfigurationIsVisible = 0;
			defaultConfigurationName = Release;
		};
/* End XCConfigurationList section */

/* Begin XCLocalSwiftPackageReference section */
		A07AFD5A2B989B4F004954C9 /* XCLocalSwiftPackageReference "../SharedDependencies" */ = {
			isa = XCLocalSwiftPackageReference;
			relativePath = ../SharedDependencies;
		};
/* End XCLocalSwiftPackageReference section */

/* Begin XCSwiftPackageProductDependency section */
		A07AFD5B2B989B4F004954C9 /* SharedDependencies */ = {
			isa = XCSwiftPackageProductDependency;
			productName = SharedDependencies;
		};
/* End XCSwiftPackageProductDependency section */
	};
	rootObject = A07AFD3E2B989AEA004954C9 /* Project object */;
}
